
Microsoft Visual Studio Solution File, Format Version 12.00
# Visual Studio Version 17
VisualStudioVersion = 17.1.32210.238
MinimumVisualStudioVersion = 10.0.40219.1
Project("{9A19103F-16F7-4668-BE54-9A1E7A4F7556}") = "Entities", "Entities\Entities.csproj", "{690CECBA-5F87-48B5-B5B6-A0194FD4C39C}"
EndProject
Project("{9A19103F-16F7-4668-BE54-9A1E7A4F7556}") = "DataAccess", "DataAccess\DataAccess.csproj", "{78852FE5-DB9C-4F29-9AEE-56E66BE48159}"
EndProject
Project("{9A19103F-16F7-4668-BE54-9A1E7A4F7556}") = "Business", "Business\Business.csproj", "{A47FBE17-EE2B-4675-82DF-AB382FDCD5F8}"
EndProject
Project("{9A19103F-16F7-4668-BE54-9A1E7A4F7556}") = "ConsoleUI", "ConsoleUI\ConsoleUI.csproj", "{18049168-9F2A-42E0-874B-E9AF12F9D541}"
EndProject
Project("{9A19103F-16F7-4668-BE54-9A1E7A4F7556}") = "Core", "Core\Core.csproj", "{136D0CA5-19DC-4EE8-9AA0-4CA574E8167D}"
EndProject
Project("{FAE04EC0-301F-11D3-BF4B-00C04F79EFBC}") = "WebAPI", "WebAPI\WebAPI.csproj", "{A4BEE451-C974-467C-A4C1-3E87B7153881}"
EndProject
Global
	GlobalSection(SolutionConfigurationPlatforms) = preSolution
		Debug|Any CPU = Debug|Any CPU
		Release|Any CPU = Release|Any CPU
	EndGlobalSection
	GlobalSection(ProjectConfigurationPlatforms) = postSolution
		{690CECBA-5F87-48B5-B5B6-A0194FD4C39C}.Debug|Any CPU.ActiveCfg = Debug|Any CPU
		{690CECBA-5F87-48B5-B5B6-A0194FD4C39C}.Debug|Any CPU.Build.0 = Debug|Any CPU
		{690CECBA-5F87-48B5-B5B6-A0194FD4C39C}.Release|Any CPU.ActiveCfg = Release|Any CPU
		{690CECBA-5F87-48B5-B5B6-A0194FD4C39C}.Release|Any CPU.Build.0 = Release|Any CPU
		{78852FE5-DB9C-4F29-9AEE-56E66BE48159}.Debug|Any CPU.ActiveCfg = Debug|Any CPU
		{78852FE5-DB9C-4F29-9AEE-56E66BE48159}.Debug|Any CPU.Build.0 = Debug|Any CPU
		{78852FE5-DB9C-4F29-9AEE-56E66BE48159}.Release|Any CPU.ActiveCfg = Release|Any CPU
		{78852FE5-DB9C-4F29-9AEE-56E66BE48159}.Release|Any CPU.Build.0 = Release|Any CPU
		{A47FBE17-EE2B-4675-82DF-AB382FDCD5F8}.Debug|Any CPU.ActiveCfg = Debug|Any CPU
		{A47FBE17-EE2B-4675-82DF-AB382FDCD5F8}.Debug|Any CPU.Build.0 = Debug|Any CPU
		{A47FBE17-EE2B-4675-82DF-AB382FDCD5F8}.Release|Any CPU.ActiveCfg = Release|Any CPU
		{A47FBE17-EE2B-4675-82DF-AB382FDCD5F8}.Release|Any CPU.Build.0 = Release|Any CPU
		{18049168-9F2A-42E0-874B-E9AF12F9D541}.Debug|Any CPU.ActiveCfg = Debug|Any CPU
		{18049168-9F2A-42E0-874B-E9AF12F9D541}.Debug|Any CPU.Build.0 = Debug|Any CPU
		{18049168-9F2A-42E0-874B-E9AF12F9D541}.Release|Any CPU.ActiveCfg = Release|Any CPU
		{18049168-9F2A-42E0-874B-E9AF12F9D541}.Release|Any CPU.Build.0 = Release|Any CPU
		{136D0CA5-19DC-4EE8-9AA0-4CA574E8167D}.Debug|Any CPU.ActiveCfg = Debug|Any CPU
		{136D0CA5-19DC-4EE8-9AA0-4CA574E8167D}.Debug|Any CPU.Build.0 = Debug|Any CPU
		{136D0CA5-19DC-4EE8-9AA0-4CA574E8167D}.Release|Any CPU.ActiveCfg = Release|Any CPU
		{136D0CA5-19DC-4EE8-9AA0-4CA574E8167D}.Release|Any CPU.Build.0 = Release|Any CPU
		{A4BEE451-C974-467C-A4C1-3E87B7153881}.Debug|Any CPU.ActiveCfg = Debug|Any CPU
		{A4BEE451-C974-467C-A4C1-3E87B7153881}.Debug|Any CPU.Build.0 = Debug|Any CPU
		{A4BEE451-C974-467C-A4C1-3E87B7153881}.Release|Any CPU.ActiveCfg = Release|Any CPU
		{A4BEE451-C974-467C-A4C1-3E87B7153881}.Release|Any CPU.Build.0 = Release|Any CPU
	EndGlobalSection
	GlobalSection(SolutionProperties) = preSolution
		HideSolutionNode = FALSE
	EndGlobalSection
	GlobalSection(ExtensibilityGlobals) = postSolution
		SolutionGuid = {72FACC73-BE3C-4402-A760-0E1CE97E3080}
	EndGlobalSection
EndGlobal
